{
  "name": "Udemy-clone",
  "lockfileVersion": 3,
  "requires": true,
  "packages": {
    "": {
      "dependencies": {
        "create-next-app": "^15.3.5"
      }
    },
    "node_modules/create-next-app": {
      "version": "15.3.5",
      "resolved": "https://registry.npmjs.org/create-next-app/-/create-next-app-15.3.5.tgz",
      "integrity": "sha512-+U/fipyaWuCDv/YVmI4KDwCXA/e6C+RdsZhUyEhbtZwvjXUUftE2UgPHutQz1iyAVU2rZT/5Eiivf28uKz1VSQ==",
      "license": "MIT",
      "bin": {
        "create-next-app": "dist/index.js"
      },
      "engines": {
        "node": ">=18.18.0"
      }
    }
  }
}
